# This file is automatically @generated by Cargo.
# It is not intended for manual editing.
version = 3

[[package]]
name = "arrayref"
version = "0.3.6"
source = "registry+https://github.com/rust-lang/crates.io-index"
checksum = "a4c527152e37cf757a3f78aae5a06fbeefdb07ccc535c980a3208ee3060dd544"

[[package]]
name = "arrayvec"
version = "0.7.2"
source = "registry+https://github.com/rust-lang/crates.io-index"
checksum = "8da52d66c7071e2e3fa2a1e5c6d088fec47b593032b254f5e980de8ea54454d6"

[[package]]
name = "autocfg"
version = "1.0.1"
source = "registry+https://github.com/rust-lang/crates.io-index"
checksum = "cdb031dd78e28731d87d56cc8ffef4a8f36ca26c38fe2de700543e627f8a464a"

[[package]]
name = "blake3"
version = "1.3.0"
source = "registry+https://github.com/rust-lang/crates.io-index"
checksum = "882e99e4a0cb2ae6cb6e442102e8e6b7131718d94110e64c3e6a34ea9b106f37"
dependencies = [
 "arrayref",
 "arrayvec",
 "cc",
 "cfg-if",
 "constant_time_eq",
 "digest",
]

[[package]]
name = "block-buffer"
version = "0.10.0"
source = "registry+https://github.com/rust-lang/crates.io-index"
checksum = "f1d36a02058e76b040de25a4464ba1c80935655595b661505c8b39b664828b95"
dependencies = [
 "generic-array",
]

[[package]]
name = "cc"
version = "1.0.72"
source = "registry+https://github.com/rust-lang/crates.io-index"
checksum = "22a9137b95ea06864e018375b72adfb7db6e6f68cfc8df5a04d00288050485ee"

[[package]]
name = "cfg-if"
version = "1.0.0"
source = "registry+https://github.com/rust-lang/crates.io-index"
checksum = "baf1de4339761588bc0619e3cbc0120ee582ebb74b53b4efbf79117bd2da40fd"

[[package]]
name = "constant_time_eq"
version = "0.1.5"
source = "registry+https://github.com/rust-lang/crates.io-index"
checksum = "245097e9a4535ee1e3e3931fcfcd55a796a44c643e8596ff6566d68f09b87bbc"

[[package]]
name = "convert_case"
version = "0.4.0"
source = "registry+https://github.com/rust-lang/crates.io-index"
checksum = "6245d59a3e82a7fc217c5828a6692dbc6dfb63a0c8c90495621f7b9d79704a0e"

[[package]]
name = "crypto-common"
version = "0.1.1"
source = "registry+https://github.com/rust-lang/crates.io-index"
checksum = "683d6b536309245c849479fba3da410962a43ed8e51c26b729208ec0ac2798d0"
dependencies = [
 "generic-array",
]

[[package]]
name = "derive_more"
version = "0.99.17"
source = "registry+https://github.com/rust-lang/crates.io-index"
checksum = "4fb810d30a7c1953f91334de7244731fc3f3c10d7fe163338a35b9f640960321"
dependencies = [
 "convert_case",
 "proc-macro2",
 "quote",
 "rustc_version",
 "syn",
]

[[package]]
name = "digest"
version = "0.10.1"
source = "registry+https://github.com/rust-lang/crates.io-index"
checksum = "b697d66081d42af4fba142d56918a3cb21dc8eb63372c6b85d14f44fb9c5979b"
dependencies = [
 "block-buffer",
 "crypto-common",
 "generic-array",
 "subtle",
]

[[package]]
name = "generic-array"
version = "0.14.5"
source = "registry+https://github.com/rust-lang/crates.io-index"
checksum = "fd48d33ec7f05fbfa152300fdad764757cbded343c1aa1cff2fbaf4134851803"
dependencies = [
 "typenum",
 "version_check",
]

[[package]]
name = "hashbrown"
version = "0.11.2"
source = "registry+https://github.com/rust-lang/crates.io-index"
checksum = "ab5ef0d4909ef3724cc8cce6ccc8572c5c817592e9285f5464f8e86f8bd3726e"

[[package]]
name = "hex"
version = "0.4.3"
source = "registry+https://github.com/rust-lang/crates.io-index"
checksum = "7f24254aa9a54b5c858eaee2f5bccdb46aaf0e486a595ed5fd8f86ba55232a70"

[[package]]
name = "indexmap"
version = "1.7.0"
source = "registry+https://github.com/rust-lang/crates.io-index"
checksum = "bc633605454125dec4b66843673f01c7df2b89479b32e0ed634e43a91cff62a5"
dependencies = [
 "autocfg",
 "hashbrown",
]

[[package]]
name = "itoa"
version = "1.0.1"
source = "registry+https://github.com/rust-lang/crates.io-index"
checksum = "1aab8fc367588b89dcee83ab0fd66b72b50b72fa1904d7095045ace2b0c81c35"

[[package]]
name = "lazy_static"
version = "1.4.0"
source = "registry+https://github.com/rust-lang/crates.io-index"
checksum = "e2abad23fbc42b3700f2f279844dc832adb2b2eb069b2df918f455c4e18cc646"

[[package]]
name = "num-traits"
version = "0.2.14"
source = "registry+https://github.com/rust-lang/crates.io-index"
checksum = "9a64b1ec5cda2586e284722486d802acf1f7dbdc623e2bfc57e65ca1cd099290"
dependencies = [
 "autocfg",
]

[[package]]
name = "proc-macro2"
version = "1.0.36"
source = "registry+https://github.com/rust-lang/crates.io-index"
checksum = "c7342d5883fbccae1cc37a2353b09c87c9b0f3afd73f5fb9bba687a1f733b029"
dependencies = [
 "unicode-xid",
]

[[package]]
name = "quote"
version = "1.0.14"
source = "registry+https://github.com/rust-lang/crates.io-index"
checksum = "47aa80447ce4daf1717500037052af176af5d38cc3e571d9ec1c7353fc10c87d"
dependencies = [
 "proc-macro2",
]

[[package]]
name = "rustc_version"
version = "0.4.0"
source = "registry+https://github.com/rust-lang/crates.io-index"
checksum = "bfa0f585226d2e68097d4f95d113b15b83a82e819ab25717ec0590d9584ef366"
dependencies = [
 "semver",
]

[[package]]
name = "ryu"
version = "1.0.9"
source = "registry+https://github.com/rust-lang/crates.io-index"
checksum = "73b4b750c782965c211b42f022f59af1fbceabdd026623714f104152f1ec149f"

[[package]]
name = "semver"
version = "1.0.4"
source = "registry+https://github.com/rust-lang/crates.io-index"
checksum = "568a8e6258aa33c13358f81fd834adb854c6f7c9468520910a9b1e8fac068012"

[[package]]
name = "seq-macro"
version = "0.3.0"
source = "registry+https://github.com/rust-lang/crates.io-index"
checksum = "70d9841243dbc9928f5fed7946d2862292eebd823d96e13e556924d3db0120d2"

[[package]]
name = "serde"
version = "1.0.132"
source = "registry+https://github.com/rust-lang/crates.io-index"
checksum = "8b9875c23cf305cd1fd7eb77234cbb705f21ea6a72c637a5c6db5fe4b8e7f008"

[[package]]
name = "serde_json"
version = "1.0.74"
source = "registry+https://github.com/rust-lang/crates.io-index"
checksum = "ee2bb9cd061c5865d345bb02ca49fcef1391741b672b54a0bf7b679badec3142"
dependencies = [
 "itoa",
 "ryu",
 "serde",
]

[[package]]
name = "simple-coin-transfer-template"
version = "0.0.0"
dependencies = [
 "svm-sdk",
]

[[package]]
name = "subtle"
version = "2.4.1"
source = "registry+https://github.com/rust-lang/crates.io-index"
checksum = "6bdef32e8150c2a081110b42772ffe7d7c9032b606bc226c8260fd97e0976601"

[[package]]
name = "svm-abi-decoder"
version = "0.0.0"
dependencies = [
 "seq-macro",
 "svm-abi-layout",
 "svm-sdk-std",
 "svm-sdk-types",
]

[[package]]
name = "svm-abi-encoder"
version = "0.0.0"
dependencies = [
 "num-traits",
 "seq-macro",
 "svm-abi-layout",
 "svm-sdk-std",
 "svm-sdk-types",
]

[[package]]
name = "svm-abi-layout"
version = "0.0.0"

[[package]]
name = "svm-hash"
version = "0.0.0"
dependencies = [
 "blake3",
]

[[package]]
name = "svm-layout"
version = "0.0.0"

[[package]]
name = "svm-sdk"
version = "0.0.0"
dependencies = [
 "lazy_static",
 "svm-abi-decoder",
 "svm-abi-encoder",
 "svm-sdk-alloc",
 "svm-sdk-host",
 "svm-sdk-host-ffi",
 "svm-sdk-macros",
 "svm-sdk-std",
 "svm-sdk-storage",
 "svm-sdk-storage-ffi",
 "svm-sdk-types",
]

[[package]]
name = "svm-sdk-alloc"
version = "0.0.0"

[[package]]
name = "svm-sdk-host"
version = "0.0.0"
dependencies = [
 "svm-sdk-types",
]

[[package]]
name = "svm-sdk-host-ffi"
version = "0.0.0"
dependencies = [
 "svm-abi-decoder",
 "svm-abi-encoder",
 "svm-sdk-alloc",
 "svm-sdk-host",
 "svm-sdk-std",
 "svm-sdk-types",
]

[[package]]
name = "svm-sdk-macros"
version = "0.0.0"
dependencies = [
 "proc-macro2",
 "quote",
 "serde_json",
 "svm-abi-decoder",
 "svm-abi-encoder",
 "svm-sdk-host",
 "svm-sdk-std",
 "svm-sdk-storage",
 "svm-sdk-types",
 "svm-types",
 "syn",
]

[[package]]
name = "svm-sdk-std"
version = "0.0.0"
dependencies = [
 "seq-macro",
 "svm-sdk-alloc",
]

[[package]]
name = "svm-sdk-storage"
version = "0.0.0"
dependencies = [
 "svm-sdk-alloc",
 "svm-sdk-std",
 "svm-sdk-types",
]

[[package]]
name = "svm-sdk-storage-ffi"
version = "0.0.0"
dependencies = [
 "lazy_static",
 "svm-sdk-alloc",
 "svm-sdk-std",
 "svm-sdk-storage",
 "svm-sdk-types",
]

[[package]]
name = "svm-sdk-types"
version = "0.0.0"
dependencies = [
 "seq-macro",
 "svm-sdk-std",
]

[[package]]
name = "svm-types"
version = "0.0.0"
dependencies = [
 "derive_more",
 "hex",
 "indexmap",
 "svm-hash",
 "svm-layout",
 "thiserror",
]

[[package]]
name = "syn"
version = "1.0.85"
source = "registry+https://github.com/rust-lang/crates.io-index"
checksum = "a684ac3dcd8913827e18cd09a68384ee66c1de24157e3c556c9ab16d85695fb7"
dependencies = [
 "proc-macro2",
 "quote",
 "unicode-xid",
]

[[package]]
name = "thiserror"
version = "1.0.30"
source = "registry+https://github.com/rust-lang/crates.io-index"
checksum = "854babe52e4df1653706b98fcfc05843010039b406875930a70e4d9644e5c417"
dependencies = [
 "thiserror-impl",
]

[[package]]
name = "thiserror-impl"
version = "1.0.30"
source = "registry+https://github.com/rust-lang/crates.io-index"
checksum = "aa32fd3f627f367fe16f893e2597ae3c05020f8bba2666a4e6ea73d377e5714b"
dependencies = [
 "proc-macro2",
 "quote",
 "syn",
]

[[package]]
name = "typenum"
version = "1.15.0"
source = "registry+https://github.com/rust-lang/crates.io-index"
checksum = "dcf81ac59edc17cc8697ff311e8f5ef2d99fcbd9817b34cec66f90b6c3dfd987"

[[package]]
name = "unicode-xid"
version = "0.2.2"
source = "registry+https://github.com/rust-lang/crates.io-index"
checksum = "8ccb82d61f80a663efe1f787a51b16b5a51e3314d6ac365b08639f52387b33f3"

[[package]]
name = "version_check"
version = "0.9.4"
source = "registry+https://github.com/rust-lang/crates.io-index"
checksum = "49874b5167b65d7193b8aba1567f5c7d93d001cafc34600cee003eda787e483f"
