# This file is automatically @generated by Cargo.
# It is not intended for manual editing.
[[package]]
name = "svm-abi-decoder"
version = "0.0.0"
dependencies = [
 "svm-abi-layout",
 "svm-sdk",
]

[[package]]
name = "svm-abi-layout"
version = "0.0.0"

[[package]]
name = "svm-runtime-examples-counter"
version = "0.1.0"
dependencies = [
 "svm-abi-decoder",
 "svm-sdk",
]

[[package]]
name = "svm-sdk"
version = "0.0.0"
